
Microsoft Visual Studio Solution File, Format Version 12.00
# Visual Studio 15
VisualStudioVersion = 15.0.27906.1
MinimumVisualStudioVersion = 10.0.40219.1
Project("{FAE04EC0-301F-11D3-BF4B-00C04F79EFBC}") = "SeattleParks.Android", "SeattleParks\SeattleParks.Android\SeattleParks.Android.csproj", "{B4A155BB-AEE0-45C6-B59C-7ECE05459D9D}"
EndProject
Project("{FAE04EC0-301F-11D3-BF4B-00C04F79EFBC}") = "SeattleParks.iOS", "SeattleParks\SeattleParks.iOS\SeattleParks.iOS.csproj", "{DD6CAC42-C320-4D2B-94CC-AAD5AD6B5B7D}"
EndProject
Project("{9A19103F-16F7-4668-BE54-9A1E7A4F7556}") = "SeattleParks", "SeattleParks\SeattleParks\SeattleParks.csproj", "{21D6A170-79CC-402C-83C4-6CB3AFDDBF33}"
EndProject
Project("{FAE04EC0-301F-11D3-BF4B-00C04F79EFBC}") = "ExternalDataClients", "YelpApiClientLib\ExternalDataClients.csproj", "{D63BFA5B-DEF6-42B1-9F51-F85D2007A676}"
EndProject
Global
	GlobalSection(SolutionConfigurationPlatforms) = preSolution
		Debug|Any CPU = Debug|Any CPU
		Debug|iPhone = Debug|iPhone
		Debug|iPhoneSimulator = Debug|iPhoneSimulator
		Release|Any CPU = Release|Any CPU
		Release|iPhone = Release|iPhone
		Release|iPhoneSimulator = Release|iPhoneSimulator
	EndGlobalSection
	GlobalSection(ProjectConfigurationPlatforms) = postSolution
		{B4A155BB-AEE0-45C6-B59C-7ECE05459D9D}.Debug|Any CPU.ActiveCfg = Debug|Any CPU
		{B4A155BB-AEE0-45C6-B59C-7ECE05459D9D}.Debug|Any CPU.Build.0 = Debug|Any CPU
		{B4A155BB-AEE0-45C6-B59C-7ECE05459D9D}.Debug|Any CPU.Deploy.0 = Debug|Any CPU
		{B4A155BB-AEE0-45C6-B59C-7ECE05459D9D}.Debug|iPhone.ActiveCfg = Debug|Any CPU
		{B4A155BB-AEE0-45C6-B59C-7ECE05459D9D}.Debug|iPhone.Build.0 = Debug|Any CPU
		{B4A155BB-AEE0-45C6-B59C-7ECE05459D9D}.Debug|iPhone.Deploy.0 = Debug|Any CPU
		{B4A155BB-AEE0-45C6-B59C-7ECE05459D9D}.Debug|iPhoneSimulator.ActiveCfg = Debug|Any CPU
		{B4A155BB-AEE0-45C6-B59C-7ECE05459D9D}.Debug|iPhoneSimulator.Build.0 = Debug|Any CPU
		{B4A155BB-AEE0-45C6-B59C-7ECE05459D9D}.Debug|iPhoneSimulator.Deploy.0 = Debug|Any CPU
		{B4A155BB-AEE0-45C6-B59C-7ECE05459D9D}.Release|Any CPU.ActiveCfg = Release|Any CPU
		{B4A155BB-AEE0-45C6-B59C-7ECE05459D9D}.Release|Any CPU.Build.0 = Release|Any CPU
		{B4A155BB-AEE0-45C6-B59C-7ECE05459D9D}.Release|Any CPU.Deploy.0 = Release|Any CPU
		{B4A155BB-AEE0-45C6-B59C-7ECE05459D9D}.Release|iPhone.ActiveCfg = Release|Any CPU
		{B4A155BB-AEE0-45C6-B59C-7ECE05459D9D}.Release|iPhone.Build.0 = Release|Any CPU
		{B4A155BB-AEE0-45C6-B59C-7ECE05459D9D}.Release|iPhone.Deploy.0 = Release|Any CPU
		{B4A155BB-AEE0-45C6-B59C-7ECE05459D9D}.Release|iPhoneSimulator.ActiveCfg = Release|Any CPU
		{B4A155BB-AEE0-45C6-B59C-7ECE05459D9D}.Release|iPhoneSimulator.Build.0 = Release|Any CPU
		{B4A155BB-AEE0-45C6-B59C-7ECE05459D9D}.Release|iPhoneSimulator.Deploy.0 = Release|Any CPU
		{DD6CAC42-C320-4D2B-94CC-AAD5AD6B5B7D}.Debug|Any CPU.ActiveCfg = Debug|iPhoneSimulator
		{DD6CAC42-C320-4D2B-94CC-AAD5AD6B5B7D}.Debug|Any CPU.Build.0 = Debug|iPhoneSimulator
		{DD6CAC42-C320-4D2B-94CC-AAD5AD6B5B7D}.Debug|Any CPU.Deploy.0 = Debug|iPhoneSimulator
		{DD6CAC42-C320-4D2B-94CC-AAD5AD6B5B7D}.Debug|iPhone.ActiveCfg = Debug|iPhone
		{DD6CAC42-C320-4D2B-94CC-AAD5AD6B5B7D}.Debug|iPhone.Build.0 = Debug|iPhone
		{DD6CAC42-C320-4D2B-94CC-AAD5AD6B5B7D}.Debug|iPhone.Deploy.0 = Debug|iPhone
		{DD6CAC42-C320-4D2B-94CC-AAD5AD6B5B7D}.Debug|iPhoneSimulator.ActiveCfg = Debug|iPhoneSimulator
		{DD6CAC42-C320-4D2B-94CC-AAD5AD6B5B7D}.Debug|iPhoneSimulator.Build.0 = Debug|iPhoneSimulator
		{DD6CAC42-C320-4D2B-94CC-AAD5AD6B5B7D}.Debug|iPhoneSimulator.Deploy.0 = Debug|iPhoneSimulator
		{DD6CAC42-C320-4D2B-94CC-AAD5AD6B5B7D}.Release|Any CPU.ActiveCfg = Release|iPhone
		{DD6CAC42-C320-4D2B-94CC-AAD5AD6B5B7D}.Release|Any CPU.Build.0 = Release|iPhone
		{DD6CAC42-C320-4D2B-94CC-AAD5AD6B5B7D}.Release|Any CPU.Deploy.0 = Release|iPhone
		{DD6CAC42-C320-4D2B-94CC-AAD5AD6B5B7D}.Release|iPhone.ActiveCfg = Release|iPhone
		{DD6CAC42-C320-4D2B-94CC-AAD5AD6B5B7D}.Release|iPhone.Build.0 = Release|iPhone
		{DD6CAC42-C320-4D2B-94CC-AAD5AD6B5B7D}.Release|iPhone.Deploy.0 = Release|iPhone
		{DD6CAC42-C320-4D2B-94CC-AAD5AD6B5B7D}.Release|iPhoneSimulator.ActiveCfg = Release|iPhoneSimulator
		{DD6CAC42-C320-4D2B-94CC-AAD5AD6B5B7D}.Release|iPhoneSimulator.Build.0 = Release|iPhoneSimulator
		{DD6CAC42-C320-4D2B-94CC-AAD5AD6B5B7D}.Release|iPhoneSimulator.Deploy.0 = Release|iPhoneSimulator
		{21D6A170-79CC-402C-83C4-6CB3AFDDBF33}.Debug|Any CPU.ActiveCfg = Debug|Any CPU
		{21D6A170-79CC-402C-83C4-6CB3AFDDBF33}.Debug|Any CPU.Build.0 = Debug|Any CPU
		{21D6A170-79CC-402C-83C4-6CB3AFDDBF33}.Debug|Any CPU.Deploy.0 = Debug|Any CPU
		{21D6A170-79CC-402C-83C4-6CB3AFDDBF33}.Debug|iPhone.ActiveCfg = Debug|Any CPU
		{21D6A170-79CC-402C-83C4-6CB3AFDDBF33}.Debug|iPhone.Build.0 = Debug|Any CPU
		{21D6A170-79CC-402C-83C4-6CB3AFDDBF33}.Debug|iPhone.Deploy.0 = Debug|Any CPU
		{21D6A170-79CC-402C-83C4-6CB3AFDDBF33}.Debug|iPhoneSimulator.ActiveCfg = Debug|Any CPU
		{21D6A170-79CC-402C-83C4-6CB3AFDDBF33}.Debug|iPhoneSimulator.Build.0 = Debug|Any CPU
		{21D6A170-79CC-402C-83C4-6CB3AFDDBF33}.Debug|iPhoneSimulator.Deploy.0 = Debug|Any CPU
		{21D6A170-79CC-402C-83C4-6CB3AFDDBF33}.Release|Any CPU.ActiveCfg = Release|Any CPU
		{21D6A170-79CC-402C-83C4-6CB3AFDDBF33}.Release|Any CPU.Build.0 = Release|Any CPU
		{21D6A170-79CC-402C-83C4-6CB3AFDDBF33}.Release|Any CPU.Deploy.0 = Release|Any CPU
		{21D6A170-79CC-402C-83C4-6CB3AFDDBF33}.Release|iPhone.ActiveCfg = Release|Any CPU
		{21D6A170-79CC-402C-83C4-6CB3AFDDBF33}.Release|iPhone.Build.0 = Release|Any CPU
		{21D6A170-79CC-402C-83C4-6CB3AFDDBF33}.Release|iPhone.Deploy.0 = Release|Any CPU
		{21D6A170-79CC-402C-83C4-6CB3AFDDBF33}.Release|iPhoneSimulator.ActiveCfg = Release|Any CPU
		{21D6A170-79CC-402C-83C4-6CB3AFDDBF33}.Release|iPhoneSimulator.Build.0 = Release|Any CPU
		{21D6A170-79CC-402C-83C4-6CB3AFDDBF33}.Release|iPhoneSimulator.Deploy.0 = Release|Any CPU
		{D63BFA5B-DEF6-42B1-9F51-F85D2007A676}.Debug|Any CPU.ActiveCfg = Debug|Any CPU
		{D63BFA5B-DEF6-42B1-9F51-F85D2007A676}.Debug|Any CPU.Build.0 = Debug|Any CPU
		{D63BFA5B-DEF6-42B1-9F51-F85D2007A676}.Debug|iPhone.ActiveCfg = Debug|Any CPU
		{D63BFA5B-DEF6-42B1-9F51-F85D2007A676}.Debug|iPhone.Build.0 = Debug|Any CPU
		{D63BFA5B-DEF6-42B1-9F51-F85D2007A676}.Debug|iPhoneSimulator.ActiveCfg = Debug|Any CPU
		{D63BFA5B-DEF6-42B1-9F51-F85D2007A676}.Debug|iPhoneSimulator.Build.0 = Debug|Any CPU
		{D63BFA5B-DEF6-42B1-9F51-F85D2007A676}.Release|Any CPU.ActiveCfg = Release|Any CPU
		{D63BFA5B-DEF6-42B1-9F51-F85D2007A676}.Release|Any CPU.Build.0 = Release|Any CPU
		{D63BFA5B-DEF6-42B1-9F51-F85D2007A676}.Release|iPhone.ActiveCfg = Release|Any CPU
		{D63BFA5B-DEF6-42B1-9F51-F85D2007A676}.Release|iPhone.Build.0 = Release|Any CPU
		{D63BFA5B-DEF6-42B1-9F51-F85D2007A676}.Release|iPhoneSimulator.ActiveCfg = Release|Any CPU
		{D63BFA5B-DEF6-42B1-9F51-F85D2007A676}.Release|iPhoneSimulator.Build.0 = Release|Any CPU
	EndGlobalSection
	GlobalSection(SolutionProperties) = preSolution
		HideSolutionNode = FALSE
	EndGlobalSection
	GlobalSection(ExtensibilityGlobals) = postSolution
		SolutionGuid = {D6C1962C-6DB8-41D9-8F83-37F22BDB6E4A}
	EndGlobalSection
EndGlobal
